
Microsoft Visual Studio Solution File, Format Version 12.00
# Visual Studio Version 17
VisualStudioVersion = 17.5.002.0
MinimumVisualStudioVersion = 10.0.40219.1
Project("{9A19103F-16F7-4668-BE54-9A1E7A4F7556}") = "StairCase", "StairCase.csproj", "{DE360004-E22A-4A23-A7D2-802A9E93BF03}"
EndProject
Global
	GlobalSection(SolutionConfigurationPlatforms) = preSolution
		Debug|Any CPU = Debug|Any CPU
		Release|Any CPU = Release|Any CPU
	EndGlobalSection
	GlobalSection(ProjectConfigurationPlatforms) = postSolution
		{DE360004-E22A-4A23-A7D2-802A9E93BF03}.Debug|Any CPU.ActiveCfg = Debug|Any CPU
		{DE360004-E22A-4A23-A7D2-802A9E93BF03}.Debug|Any CPU.Build.0 = Debug|Any CPU
		{DE360004-E22A-4A23-A7D2-802A9E93BF03}.Release|Any CPU.ActiveCfg = Release|Any CPU
		{DE360004-E22A-4A23-A7D2-802A9E93BF03}.Release|Any CPU.Build.0 = Release|Any CPU
	EndGlobalSection
	GlobalSection(SolutionProperties) = preSolution
		HideSolutionNode = FALSE
	EndGlobalSection
	GlobalSection(ExtensibilityGlobals) = postSolution
		SolutionGuid = {565888F6-C067-474B-91C6-4BD61F927A5D}
	EndGlobalSection
EndGlobal
