
Microsoft Visual Studio Solution File, Format Version 12.00
# Visual Studio Version 17
VisualStudioVersion = 17.5.002.0
MinimumVisualStudioVersion = 10.0.40219.1
Project("{9A19103F-16F7-4668-BE54-9A1E7A4F7556}") = "DiagonalDifference", "DiagonalDifference.csproj", "{23485F87-A0DC-4626-A327-BCF7660DC72D}"
EndProject
Global
	GlobalSection(SolutionConfigurationPlatforms) = preSolution
		Debug|Any CPU = Debug|Any CPU
		Release|Any CPU = Release|Any CPU
	EndGlobalSection
	GlobalSection(ProjectConfigurationPlatforms) = postSolution
		{23485F87-A0DC-4626-A327-BCF7660DC72D}.Debug|Any CPU.ActiveCfg = Debug|Any CPU
		{23485F87-A0DC-4626-A327-BCF7660DC72D}.Debug|Any CPU.Build.0 = Debug|Any CPU
		{23485F87-A0DC-4626-A327-BCF7660DC72D}.Release|Any CPU.ActiveCfg = Release|Any CPU
		{23485F87-A0DC-4626-A327-BCF7660DC72D}.Release|Any CPU.Build.0 = Release|Any CPU
	EndGlobalSection
	GlobalSection(SolutionProperties) = preSolution
		HideSolutionNode = FALSE
	EndGlobalSection
	GlobalSection(ExtensibilityGlobals) = postSolution
		SolutionGuid = {C2AD9FED-D538-4D9D-8A03-26E698D3BF9B}
	EndGlobalSection
EndGlobal
